
Microsoft Visual Studio Solution File, Format Version 12.00
# Visual Studio Version 17
VisualStudioVersion = 17.10.34707.107
MinimumVisualStudioVersion = 10.0.40219.1
Project("{FAE04EC0-301F-11D3-BF4B-00C04F79EFBC}") = "BlazorAppQuiz", "BlazorAppQuiz\BlazorAppQuiz.csproj", "{FEB37298-5B6F-4A08-9C04-BC8EF515163A}"
EndProject
Global
	GlobalSection(SolutionConfigurationPlatforms) = preSolution
		Debug|Any CPU = Debug|Any CPU
		Release|Any CPU = Release|Any CPU
	EndGlobalSection
	GlobalSection(ProjectConfigurationPlatforms) = postSolution
		{FEB37298-5B6F-4A08-9C04-BC8EF515163A}.Debug|Any CPU.ActiveCfg = Debug|Any CPU
		{FEB37298-5B6F-4A08-9C04-BC8EF515163A}.Debug|Any CPU.Build.0 = Debug|Any CPU
		{FEB37298-5B6F-4A08-9C04-BC8EF515163A}.Release|Any CPU.ActiveCfg = Release|Any CPU
		{FEB37298-5B6F-4A08-9C04-BC8EF515163A}.Release|Any CPU.Build.0 = Release|Any CPU
	EndGlobalSection
	GlobalSection(SolutionProperties) = preSolution
		HideSolutionNode = FALSE
	EndGlobalSection
	GlobalSection(ExtensibilityGlobals) = postSolution
		SolutionGuid = {4443D1D0-6474-43F4-85FD-EBECF02D9FF7}
	EndGlobalSection
EndGlobal
